
Microsoft Visual Studio Solution File, Format Version 12.00
# Visual Studio Version 17
VisualStudioVersion = 17.1.32414.318
MinimumVisualStudioVersion = 10.0.40219.1
Project("{FAE04EC0-301F-11D3-BF4B-00C04F79EFBC}") = "cx", "cx\cx.csproj", "{529FFC49-A66E-4F99-A902-052EA3E291AB}"
EndProject
Global
	GlobalSection(SolutionConfigurationPlatforms) = preSolution
		Debug|Any CPU = Debug|Any CPU
		Release|Any CPU = Release|Any CPU
	EndGlobalSection
	GlobalSection(ProjectConfigurationPlatforms) = postSolution
		{529FFC49-A66E-4F99-A902-052EA3E291AB}.Debug|Any CPU.ActiveCfg = Debug|Any CPU
		{529FFC49-A66E-4F99-A902-052EA3E291AB}.Debug|Any CPU.Build.0 = Debug|Any CPU
		{529FFC49-A66E-4F99-A902-052EA3E291AB}.Release|Any CPU.ActiveCfg = Release|Any CPU
		{529FFC49-A66E-4F99-A902-052EA3E291AB}.Release|Any CPU.Build.0 = Release|Any CPU
	EndGlobalSection
	GlobalSection(SolutionProperties) = preSolution
		HideSolutionNode = FALSE
	EndGlobalSection
	GlobalSection(ExtensibilityGlobals) = postSolution
		SolutionGuid = {1B858E15-344D-451C-8D46-7BD74907AA20}
	EndGlobalSection
EndGlobal
